// !$*UTF8*$!
{
	archiveVersion = 1;
	classes = {
	};
	objectVersion = 52;
	objects = {

/* Begin PBXBuildFile section */
		3E037F7F230B191B00A0A831 /* readme.md in Resources */ = {isa = PBXBuildFile; fileRef = 3E037F7E230B191B00A0A831 /* readme.md */; };
		3EB3F3CA2305AA2A00CB5701 /* AppDelegate.swift in Sources */ = {isa = PBXBuildFile; fileRef = 3EB3F3C92305AA2A00CB5701 /* AppDelegate.swift */; };
		3EB3F3CC2305AA2A00CB5701 /* ContentView.swift in Sources */ = {isa = PBXBuildFile; fileRef = 3EB3F3CB2305AA2A00CB5701 /* ContentView.swift */; };
		3EB3F3CF2305AA2A00CB5701 /* WebrootAuth.xcdatamodeld in Sources */ = {isa = PBXBuildFile; fileRef = 3EB3F3CD2305AA2A00CB5701 /* WebrootAuth.xcdatamodeld */; };
		3EB3F3D12305AA2B00CB5701 /* Assets.xcassets in Resources */ = {isa = PBXBuildFile; fileRef = 3EB3F3D02305AA2B00CB5701 /* Assets.xcassets */; };
		3EB3F3D42305AA2B00CB5701 /* Preview Assets.xcassets in Resources */ = {isa = PBXBuildFile; fileRef = 3EB3F3D32305AA2B00CB5701 /* Preview Assets.xcassets */; };
		3EB3F3D72305AA2B00CB5701 /* Main.storyboard in Resources */ = {isa = PBXBuildFile; fileRef = 3EB3F3D52305AA2B00CB5701 /* Main.storyboard */; };
		3EDCD21223098B67002AEDEA /* AuthContainerViews.swift in Sources */ = {isa = PBXBuildFile; fileRef = 3EDCD21123098B67002AEDEA /* AuthContainerViews.swift */; };
		3EF122362305F2590019C9CF /* AuthManager.swift in Sources */ = {isa = PBXBuildFile; fileRef = 3EF122352305F2590019C9CF /* AuthManager.swift */; };
		3EF1223A2305FAFA0019C9CF /* Alamofire in Frameworks */ = {isa = PBXBuildFile; productRef = 3EF122392305FAFA0019C9CF /* Alamofire */; };
		3EF12240230617660019C9CF /* UserAuthView.swift in Sources */ = {isa = PBXBuildFile; fileRef = 3EF1223F230617660019C9CF /* UserAuthView.swift */; };
		3EF12242230702E40019C9CF /* InplaceAlert.swift in Sources */ = {isa = PBXBuildFile; fileRef = 3EF12241230702E40019C9CF /* InplaceAlert.swift */; };
/* End PBXBuildFile section */

/* Begin PBXFileReference section */
		3E037F7E230B191B00A0A831 /* readme.md */ = {isa = PBXFileReference; lastKnownFileType = net.daringfireball.markdown; path = readme.md; sourceTree = "<group>"; };
		3EB3F3C62305AA2A00CB5701 /* WebrootAuth.app */ = {isa = PBXFileReference; explicitFileType = wrapper.application; includeInIndex = 0; path = WebrootAuth.app; sourceTree = BUILT_PRODUCTS_DIR; };
		3EB3F3C92305AA2A00CB5701 /* AppDelegate.swift */ = {isa = PBXFileReference; lastKnownFileType = sourcecode.swift; path = AppDelegate.swift; sourceTree = "<group>"; };
		3EB3F3CB2305AA2A00CB5701 /* ContentView.swift */ = {isa = PBXFileReference; lastKnownFileType = sourcecode.swift; path = ContentView.swift; sourceTree = "<group>"; };
		3EB3F3CE2305AA2A00CB5701 /* WebrootAuth.xcdatamodel */ = {isa = PBXFileReference; lastKnownFileType = wrapper.xcdatamodel; path = WebrootAuth.xcdatamodel; sourceTree = "<group>"; };
		3EB3F3D02305AA2B00CB5701 /* Assets.xcassets */ = {isa = PBXFileReference; lastKnownFileType = folder.assetcatalog; path = Assets.xcassets; sourceTree = "<group>"; };
		3EB3F3D32305AA2B00CB5701 /* Preview Assets.xcassets */ = {isa = PBXFileReference; lastKnownFileType = folder.assetcatalog; path = "Preview Assets.xcassets"; sourceTree = "<group>"; };
		3EB3F3D62305AA2B00CB5701 /* Base */ = {isa = PBXFileReference; lastKnownFileType = file.storyboard; name = Base; path = Base.lproj/Main.storyboard; sourceTree = "<group>"; };
		3EB3F3D82305AA2B00CB5701 /* Info.plist */ = {isa = PBXFileReference; lastKnownFileType = text.plist.xml; path = Info.plist; sourceTree = "<group>"; };
		3EB3F3D92305AA2B00CB5701 /* WebrootAuth.entitlements */ = {isa = PBXFileReference; lastKnownFileType = text.plist.entitlements; path = WebrootAuth.entitlements; sourceTree = "<group>"; };
		3EDCD21123098B67002AEDEA /* AuthContainerViews.swift */ = {isa = PBXFileReference; lastKnownFileType = sourcecode.swift; path = AuthContainerViews.swift; sourceTree = "<group>"; };
		3EF122352305F2590019C9CF /* AuthManager.swift */ = {isa = PBXFileReference; lastKnownFileType = sourcecode.swift; path = AuthManager.swift; sourceTree = "<group>"; };
		3EF1223F230617660019C9CF /* UserAuthView.swift */ = {isa = PBXFileReference; lastKnownFileType = sourcecode.swift; path = UserAuthView.swift; sourceTree = "<group>"; };
		3EF12241230702E40019C9CF /* InplaceAlert.swift */ = {isa = PBXFileReference; lastKnownFileType = sourcecode.swift; path = InplaceAlert.swift; sourceTree = "<group>"; };
/* End PBXFileReference section */

/* Begin PBXFrameworksBuildPhase section */
		3EB3F3C32305AA2A00CB5701 /* Frameworks */ = {
			isa = PBXFrameworksBuildPhase;
			buildActionMask = 2147483647;
			files = (
				3EF1223A2305FAFA0019C9CF /* Alamofire in Frameworks */,
			);
			runOnlyForDeploymentPostprocessing = 0;
		};
/* End PBXFrameworksBuildPhase section */

/* Begin PBXGroup section */
		3EB3F3BD2305AA2A00CB5701 = {
			isa = PBXGroup;
			children = (
				3E037F7E230B191B00A0A831 /* readme.md */,
				3EB3F3C82305AA2A00CB5701 /* WebrootAuth */,
				3EB3F3C72305AA2A00CB5701 /* Products */,
				3EF122312305F2200019C9CF /* Frameworks */,
			);
			sourceTree = "<group>";
		};
		3EB3F3C72305AA2A00CB5701 /* Products */ = {
			isa = PBXGroup;
			children = (
				3EB3F3C62305AA2A00CB5701 /* WebrootAuth.app */,
			);
			name = Products;
			sourceTree = "<group>";
		};
		3EB3F3C82305AA2A00CB5701 /* WebrootAuth */ = {
			isa = PBXGroup;
			children = (
				3EB3F3C92305AA2A00CB5701 /* AppDelegate.swift */,
				3EB3F3CB2305AA2A00CB5701 /* ContentView.swift */,
				3EB3F3D02305AA2B00CB5701 /* Assets.xcassets */,
				3EB3F3D52305AA2B00CB5701 /* Main.storyboard */,
				3EB3F3D82305AA2B00CB5701 /* Info.plist */,
				3EB3F3D92305AA2B00CB5701 /* WebrootAuth.entitlements */,
				3EB3F3CD2305AA2A00CB5701 /* WebrootAuth.xcdatamodeld */,
				3EB3F3D22305AA2B00CB5701 /* Preview Content */,
				3EF122352305F2590019C9CF /* AuthManager.swift */,
				3EF1223F230617660019C9CF /* UserAuthView.swift */,
				3EF12241230702E40019C9CF /* InplaceAlert.swift */,
				3EDCD21123098B67002AEDEA /* AuthContainerViews.swift */,
			);
			path = WebrootAuth;
			sourceTree = "<group>";
		};
		3EB3F3D22305AA2B00CB5701 /* Preview Content */ = {
			isa = PBXGroup;
			children = (
				3EB3F3D32305AA2B00CB5701 /* Preview Assets.xcassets */,
			);
			path = "Preview Content";
			sourceTree = "<group>";
		};
		3EF122312305F2200019C9CF /* Frameworks */ = {
			isa = PBXGroup;
			children = (
			);
			name = Frameworks;
			sourceTree = "<group>";
		};
/* End PBXGroup section */

/* Begin PBXNativeTarget section */
		3EB3F3C52305AA2A00CB5701 /* WebrootAuth */ = {
			isa = PBXNativeTarget;
			buildConfigurationList = 3EB3F3DC2305AA2B00CB5701 /* Build configuration list for PBXNativeTarget "WebrootAuth" */;
			buildPhases = (
				3EB3F3C22305AA2A00CB5701 /* Sources */,
				3EB3F3C32305AA2A00CB5701 /* Frameworks */,
				3EB3F3C42305AA2A00CB5701 /* Resources */,
			);
			buildRules = (
			);
			dependencies = (
			);
			name = WebrootAuth;
			packageProductDependencies = (
				3EF122392305FAFA0019C9CF /* Alamofire */,
			);
			productName = WebrootAuth;
			productReference = 3EB3F3C62305AA2A00CB5701 /* WebrootAuth.app */;
			productType = "com.apple.product-type.application";
		};
/* End PBXNativeTarget section */

/* Begin PBXProject section */
		3EB3F3BE2305AA2A00CB5701 /* Project object */ = {
			isa = PBXProject;
			attributes = {
				LastSwiftUpdateCheck = 1100;
				LastUpgradeCheck = 1100;
				ORGANIZATIONNAME = "Mike Ross";
				TargetAttributes = {
					3EB3F3C52305AA2A00CB5701 = {
						CreatedOnToolsVersion = 11.0;
					};
				};
			};
			buildConfigurationList = 3EB3F3C12305AA2A00CB5701 /* Build configuration list for PBXProject "WebrootAuth" */;
			compatibilityVersion = "Xcode 9.3";
			developmentRegion = en;
			hasScannedForEncodings = 0;
			knownRegions = (
				en,
				Base,
			);
			mainGroup = 3EB3F3BD2305AA2A00CB5701;
			packageReferences = (
				3EF122382305FAFA0019C9CF /* XCRemoteSwiftPackageReference "Alamofire" */,
			);
			productRefGroup = 3EB3F3C72305AA2A00CB5701 /* Products */;
			projectDirPath = "";
			projectRoot = "";
			targets = (
				3EB3F3C52305AA2A00CB5701 /* WebrootAuth */,
			);
		};
/* End PBXProject section */

/* Begin PBXResourcesBuildPhase section */
		3EB3F3C42305AA2A00CB5701 /* Resources */ = {
			isa = PBXResourcesBuildPhase;
			buildActionMask = 2147483647;
			files = (
				3EB3F3D72305AA2B00CB5701 /* Main.storyboard in Resources */,
				3EB3F3D42305AA2B00CB5701 /* Preview Assets.xcassets in Resources */,
				3E037F7F230B191B00A0A831 /* readme.md in Resources */,
				3EB3F3D12305AA2B00CB5701 /* Assets.xcassets in Resources */,
			);
			runOnlyForDeploymentPostprocessing = 0;
		};
/* End PBXResourcesBuildPhase section */

/* Begin PBXSourcesBuildPhase section */
		3EB3F3C22305AA2A00CB5701 /* Sources */ = {
			isa = PBXSourcesBuildPhase;
			buildActionMask = 2147483647;
			files = (
				3EB3F3CC2305AA2A00CB5701 /* ContentView.swift in Sources */,
				3EF12242230702E40019C9CF /* InplaceAlert.swift in Sources */,
				3EF122362305F2590019C9CF /* AuthManager.swift in Sources */,
				3EDCD21223098B67002AEDEA /* AuthContainerViews.swift in Sources */,
				3EB3F3CF2305AA2A00CB5701 /* WebrootAuth.xcdatamodeld in Sources */,
				3EF12240230617660019C9CF /* UserAuthView.swift in Sources */,
				3EB3F3CA2305AA2A00CB5701 /* AppDelegate.swift in Sources */,
			);
			runOnlyForDeploymentPostprocessing = 0;
		};
/* End PBXSourcesBuildPhase section */

/* Begin PBXVariantGroup section */
		3EB3F3D52305AA2B00CB5701 /* Main.storyboard */ = {
			isa = PBXVariantGroup;
			children = (
				3EB3F3D62305AA2B00CB5701 /* Base */,
			);
			name = Main.storyboard;
			sourceTree = "<group>";
		};
/* End PBXVariantGroup section */

/* Begin XCBuildConfiguration section */
		3EB3F3DA2305AA2B00CB5701 /* Debug */ = {
			isa = XCBuildConfiguration;
			buildSettings = {
				ALWAYS_SEARCH_USER_PATHS = NO;
				CLANG_ANALYZER_NONNULL = YES;
				CLANG_ANALYZER_NUMBER_OBJECT_CONVERSION = YES_AGGRESSIVE;
				CLANG_CXX_LANGUAGE_STANDARD = "gnu++14";
				CLANG_CXX_LIBRARY = "libc++";
				CLANG_ENABLE_MODULES = YES;
				CLANG_ENABLE_OBJC_ARC = YES;
				CLANG_ENABLE_OBJC_WEAK = YES;
				CLANG_WARN_BLOCK_CAPTURE_AUTORELEASING = YES;
				CLANG_WARN_BOOL_CONVERSION = YES;
				CLANG_WARN_COMMA = YES;
				CLANG_WARN_CONSTANT_CONVERSION = YES;
				CLANG_WARN_DEPRECATED_OBJC_IMPLEMENTATIONS = YES;
				CLANG_WARN_DIRECT_OBJC_ISA_USAGE = YES_ERROR;
				CLANG_WARN_DOCUMENTATION_COMMENTS = YES;
				CLANG_WARN_EMPTY_BODY = YES;
				CLANG_WARN_ENUM_CONVERSION = YES;
				CLANG_WARN_INFINITE_RECURSION = YES;
				CLANG_WARN_INT_CONVERSION = YES;
				CLANG_WARN_NON_LITERAL_NULL_CONVERSION = YES;
				CLANG_WARN_OBJC_IMPLICIT_RETAIN_SELF = YES;
				CLANG_WARN_OBJC_LITERAL_CONVERSION = YES;
				CLANG_WARN_OBJC_ROOT_CLASS = YES_ERROR;
				CLANG_WARN_RANGE_LOOP_ANALYSIS = YES;
				CLANG_WARN_STRICT_PROTOTYPES = YES;
				CLANG_WARN_SUSPICIOUS_MOVE = YES;
				CLANG_WARN_UNGUARDED_AVAILABILITY = YES_AGGRESSIVE;
				CLANG_WARN_UNREACHABLE_CODE = YES;
				CLANG_WARN__DUPLICATE_METHOD_MATCH = YES;
				COPY_PHASE_STRIP = NO;
				DEBUG_INFORMATION_FORMAT = dwarf;
				ENABLE_STRICT_OBJC_MSGSEND = YES;
				ENABLE_TESTABILITY = YES;
				GCC_C_LANGUAGE_STANDARD = gnu11;
				GCC_DYNAMIC_NO_PIC = NO;
				GCC_NO_COMMON_BLOCKS = YES;
				GCC_OPTIMIZATION_LEVEL = 0;
				GCC_PREPROCESSOR_DEFINITIONS = (
					"DEBUG=1",
					"$(inherited)",
				);
				GCC_WARN_64_TO_32_BIT_CONVERSION = YES;
				GCC_WARN_ABOUT_RETURN_TYPE = YES_ERROR;
				GCC_WARN_UNDECLARED_SELECTOR = YES;
				GCC_WARN_UNINITIALIZED_AUTOS = YES_AGGRESSIVE;
				GCC_WARN_UNUSED_FUNCTION = YES;
				GCC_WARN_UNUSED_VARIABLE = YES;
				MACOSX_DEPLOYMENT_TARGET = 10.15;
				MTL_ENABLE_DEBUG_INFO = INCLUDE_SOURCE;
				MTL_FAST_MATH = YES;
				ONLY_ACTIVE_ARCH = YES;
				SDKROOT = macosx;
				SWIFT_ACTIVE_COMPILATION_CONDITIONS = DEBUG;
				SWIFT_OPTIMIZATION_LEVEL = "-Onone";
			};
			name = Debug;
		};
		3EB3F3DB2305AA2B00CB5701 /* Release */ = {
			isa = XCBuildConfiguration;
			buildSettings = {
				ALWAYS_SEARCH_USER_PATHS = NO;
				CLANG_ANALYZER_NONNULL = YES;
				CLANG_ANALYZER_NUMBER_OBJECT_CONVERSION = YES_AGGRESSIVE;
				CLANG_CXX_LANGUAGE_STANDARD = "gnu++14";
				CLANG_CXX_LIBRARY = "libc++";
				CLANG_ENABLE_MODULES = YES;
				CLANG_ENABLE_OBJC_ARC = YES;
				CLANG_ENABLE_OBJC_WEAK = YES;
				CLANG_WARN_BLOCK_CAPTURE_AUTORELEASING = YES;
				CLANG_WARN_BOOL_CONVERSION = YES;
				CLANG_WARN_COMMA = YES;
				CLANG_WARN_CONSTANT_CONVERSION = YES;
				CLANG_WARN_DEPRECATED_OBJC_IMPLEMENTATIONS = YES;
				CLANG_WARN_DIRECT_OBJC_ISA_USAGE = YES_ERROR;
				CLANG_WARN_DOCUMENTATION_COMMENTS = YES;
				CLANG_WARN_EMPTY_BODY = YES;
				CLANG_WARN_ENUM_CONVERSION = YES;
				CLANG_WARN_INFINITE_RECURSION = YES;
				CLANG_WARN_INT_CONVERSION = YES;
				CLANG_WARN_NON_LITERAL_NULL_CONVERSION = YES;
				CLANG_WARN_OBJC_IMPLICIT_RETAIN_SELF = YES;
				CLANG_WARN_OBJC_LITERAL_CONVERSION = YES;
				CLANG_WARN_OBJC_ROOT_CLASS = YES_ERROR;
				CLANG_WARN_RANGE_LOOP_ANALYSIS = YES;
				CLANG_WARN_STRICT_PROTOTYPES = YES;
				CLANG_WARN_SUSPICIOUS_MOVE = YES;
				CLANG_WARN_UNGUARDED_AVAILABILITY = YES_AGGRESSIVE;
				CLANG_WARN_UNREACHABLE_CODE = YES;
				CLANG_WARN__DUPLICATE_METHOD_MATCH = YES;
				COPY_PHASE_STRIP = NO;
				DEBUG_INFORMATION_FORMAT = "dwarf-with-dsym";
				ENABLE_NS_ASSERTIONS = NO;
				ENABLE_STRICT_OBJC_MSGSEND = YES;
				GCC_C_LANGUAGE_STANDARD = gnu11;
				GCC_NO_COMMON_BLOCKS = YES;
				GCC_WARN_64_TO_32_BIT_CONVERSION = YES;
				GCC_WARN_ABOUT_RETURN_TYPE = YES_ERROR;
				GCC_WARN_UNDECLARED_SELECTOR = YES;
				GCC_WARN_UNINITIALIZED_AUTOS = YES_AGGRESSIVE;
				GCC_WARN_UNUSED_FUNCTION = YES;
				GCC_WARN_UNUSED_VARIABLE = YES;
				MACOSX_DEPLOYMENT_TARGET = 10.15;
				MTL_ENABLE_DEBUG_INFO = NO;
				MTL_FAST_MATH = YES;
				SDKROOT = macosx;
				SWIFT_COMPILATION_MODE = wholemodule;
				SWIFT_OPTIMIZATION_LEVEL = "-O";
			};
			name = Release;
		};
		3EB3F3DD2305AA2B00CB5701 /* Debug */ = {
			isa = XCBuildConfiguration;
			buildSettings = {
				ASSETCATALOG_COMPILER_APPICON_NAME = AppIcon;
				CODE_SIGN_ENTITLEMENTS = WebrootAuth/WebrootAuth.entitlements;
				CODE_SIGN_STYLE = Automatic;
				COMBINE_HIDPI_IMAGES = YES;
				DEVELOPMENT_ASSET_PATHS = "WebrootAuth/Preview\\ Content";
				DEVELOPMENT_TEAM = XP7233465G;
				ENABLE_HARDENED_RUNTIME = YES;
				ENABLE_PREVIEWS = YES;
				INFOPLIST_FILE = WebrootAuth/Info.plist;
				LD_RUNPATH_SEARCH_PATHS = (
					"$(inherited)",
					"@executable_path/../Frameworks",
				);
				MACOSX_DEPLOYMENT_TARGET = 10.15;
				PRODUCT_BUNDLE_IDENTIFIER = net.prettygoodsoftware.WebrootAuth;
				PRODUCT_NAME = "$(TARGET_NAME)";
				SWIFT_VERSION = 5.0;
			};
			name = Debug;
		};
		3EB3F3DE2305AA2B00CB5701 /* Release */ = {
			isa = XCBuildConfiguration;
			buildSettings = {
				ASSETCATALOG_COMPILER_APPICON_NAME = AppIcon;
				CODE_SIGN_ENTITLEMENTS = WebrootAuth/WebrootAuth.entitlements;
				CODE_SIGN_STYLE = Automatic;
				COMBINE_HIDPI_IMAGES = YES;
				DEVELOPMENT_ASSET_PATHS = "WebrootAuth/Preview\\ Content";
				DEVELOPMENT_TEAM = XP7233465G;
				ENABLE_HARDENED_RUNTIME = YES;
				ENABLE_PREVIEWS = YES;
				INFOPLIST_FILE = WebrootAuth/Info.plist;
				LD_RUNPATH_SEARCH_PATHS = (
					"$(inherited)",
					"@executable_path/../Frameworks",
				);
				MACOSX_DEPLOYMENT_TARGET = 10.15;
				PRODUCT_BUNDLE_IDENTIFIER = net.prettygoodsoftware.WebrootAuth;
				PRODUCT_NAME = "$(TARGET_NAME)";
				SWIFT_VERSION = 5.0;
			};
			name = Release;
		};
/* End XCBuildConfiguration section */

/* Begin XCConfigurationList section */
		3EB3F3C12305AA2A00CB5701 /* Build configuration list for PBXProject "WebrootAuth" */ = {
			isa = XCConfigurationList;
			buildConfigurations = (
				3EB3F3DA2305AA2B00CB5701 /* Debug */,
				3EB3F3DB2305AA2B00CB5701 /* Release */,
			);
			defaultConfigurationIsVisible = 0;
			defaultConfigurationName = Release;
		};
		3EB3F3DC2305AA2B00CB5701 /* Build configuration list for PBXNativeTarget "WebrootAuth" */ = {
			isa = XCConfigurationList;
			buildConfigurations = (
				3EB3F3DD2305AA2B00CB5701 /* Debug */,
				3EB3F3DE2305AA2B00CB5701 /* Release */,
			);
			defaultConfigurationIsVisible = 0;
			defaultConfigurationName = Release;
		};
/* End XCConfigurationList section */

/* Begin XCRemoteSwiftPackageReference section */
		3EF122382305FAFA0019C9CF /* XCRemoteSwiftPackageReference "Alamofire" */ = {
			isa = XCRemoteSwiftPackageReference;
			repositoryURL = "https://github.com/Alamofire/Alamofire.git";
			requirement = {
				kind = upToNextMajorVersion;
				minimumVersion = 4.8.2;
			};
		};
/* End XCRemoteSwiftPackageReference section */

/* Begin XCSwiftPackageProductDependency section */
		3EF122392305FAFA0019C9CF /* Alamofire */ = {
			isa = XCSwiftPackageProductDependency;
			package = 3EF122382305FAFA0019C9CF /* XCRemoteSwiftPackageReference "Alamofire" */;
			productName = Alamofire;
		};
/* End XCSwiftPackageProductDependency section */

/* Begin XCVersionGroup section */
		3EB3F3CD2305AA2A00CB5701 /* WebrootAuth.xcdatamodeld */ = {
			isa = XCVersionGroup;
			children = (
				3EB3F3CE2305AA2A00CB5701 /* WebrootAuth.xcdatamodel */,
			);
			currentVersion = 3EB3F3CE2305AA2A00CB5701 /* WebrootAuth.xcdatamodel */;
			path = WebrootAuth.xcdatamodeld;
			sourceTree = "<group>";
			versionGroupType = wrapper.xcdatamodel;
		};
/* End XCVersionGroup section */
	};
	rootObject = 3EB3F3BE2305AA2A00CB5701 /* Project object */;
}
